
Microsoft Visual Studio Solution File, Format Version 12.00
# Visual Studio Version 17
VisualStudioVersion = 17.10.35004.147
MinimumVisualStudioVersion = 10.0.40219.1
Project("{8BC9CEB8-8B4A-11D0-8D11-00A0C91BC942}") = "2DGameEngine", "2DGameEngine\2DGameEngine.vcxproj", "{E65A7332-61F1-4E82-BAFF-8EA59FA2C24A}"
EndProject
Global
	GlobalSection(SolutionConfigurationPlatforms) = preSolution
		Debug|x64 = Debug|x64
		Debug|x86 = Debug|x86
		Release|x64 = Release|x64
		Release|x86 = Release|x86
	EndGlobalSection
	GlobalSection(ProjectConfigurationPlatforms) = postSolution
		{E65A7332-61F1-4E82-BAFF-8EA59FA2C24A}.Debug|x64.ActiveCfg = Debug|x64
		{E65A7332-61F1-4E82-BAFF-8EA59FA2C24A}.Debug|x64.Build.0 = Debug|x64
		{E65A7332-61F1-4E82-BAFF-8EA59FA2C24A}.Debug|x86.ActiveCfg = Debug|Win32
		{E65A7332-61F1-4E82-BAFF-8EA59FA2C24A}.Debug|x86.Build.0 = Debug|Win32
		{E65A7332-61F1-4E82-BAFF-8EA59FA2C24A}.Release|x64.ActiveCfg = Release|x64
		{E65A7332-61F1-4E82-BAFF-8EA59FA2C24A}.Release|x64.Build.0 = Release|x64
		{E65A7332-61F1-4E82-BAFF-8EA59FA2C24A}.Release|x86.ActiveCfg = Release|Win32
		{E65A7332-61F1-4E82-BAFF-8EA59FA2C24A}.Release|x86.Build.0 = Release|Win32
	EndGlobalSection
	GlobalSection(SolutionProperties) = preSolution
		HideSolutionNode = FALSE
	EndGlobalSection
	GlobalSection(ExtensibilityGlobals) = postSolution
		SolutionGuid = {45E66E3C-6161-4569-965D-4CC0A308789A}
	EndGlobalSection
EndGlobal
